# This file is generated by running "yarn install" inside your project.
# Manual changes might be lost - proceed with caution!

__metadata:
  version: 10
  cacheKey: 10c0

"@biomejs/biome@npm:^1.9.0":
  version: 1.9.4
  resolution: "@biomejs/biome@npm:1.9.4"
  dependencies:
    "@biomejs/cli-darwin-arm64": "npm:1.9.4"
    "@biomejs/cli-darwin-x64": "npm:1.9.4"
    "@biomejs/cli-linux-arm64": "npm:1.9.4"
    "@biomejs/cli-linux-arm64-musl": "npm:1.9.4"
    "@biomejs/cli-linux-x64": "npm:1.9.4"
    "@biomejs/cli-linux-x64-musl": "npm:1.9.4"
    "@biomejs/cli-win32-arm64": "npm:1.9.4"
    "@biomejs/cli-win32-x64": "npm:1.9.4"
  dependenciesMeta:
    "@biomejs/cli-darwin-arm64":
      optional: true
    "@biomejs/cli-darwin-x64":
      optional: true
    "@biomejs/cli-linux-arm64":
      optional: true
    "@biomejs/cli-linux-arm64-musl":
      optional: true
    "@biomejs/cli-linux-x64":
      optional: true
    "@biomejs/cli-linux-x64-musl":
      optional: true
    "@biomejs/cli-win32-arm64":
      optional: true
    "@biomejs/cli-win32-x64":
      optional: true
  bin:
    biome: bin/biome
  checksum: 10c0/b5655c5aed9a6fffe24f7d04f15ba4444389d0e891c9ed9106fab7388ac9b4be63185852cc2a937b22940dac3e550b71032a4afd306925cfea436c33e5646b3e
  languageName: node
  linkType: hard

"@biomejs/cli-darwin-arm64@npm:1.9.4":
  version: 1.9.4
  resolution: "@biomejs/cli-darwin-arm64@npm:1.9.4"
  conditions: os=darwin & cpu=arm64
  languageName: node
  linkType: hard

"@biomejs/cli-darwin-x64@npm:1.9.4":
  version: 1.9.4
  resolution: "@biomejs/cli-darwin-x64@npm:1.9.4"
  conditions: os=darwin & cpu=x64
  languageName: node
  linkType: hard

"@biomejs/cli-linux-arm64-musl@npm:1.9.4":
  version: 1.9.4
  resolution: "@biomejs/cli-linux-arm64-musl@npm:1.9.4"
  conditions: os=linux & cpu=arm64 & libc=musl
  languageName: node
  linkType: hard

"@biomejs/cli-linux-arm64@npm:1.9.4":
  version: 1.9.4
  resolution: "@biomejs/cli-linux-arm64@npm:1.9.4"
  conditions: os=linux & cpu=arm64 & libc=glibc
  languageName: node
  linkType: hard

"@biomejs/cli-linux-x64-musl@npm:1.9.4":
  version: 1.9.4
  resolution: "@biomejs/cli-linux-x64-musl@npm:1.9.4"
  conditions: os=linux & cpu=x64 & libc=musl
  languageName: node
  linkType: hard

"@biomejs/cli-linux-x64@npm:1.9.4":
  version: 1.9.4
  resolution: "@biomejs/cli-linux-x64@npm:1.9.4"
  conditions: os=linux & cpu=x64 & libc=glibc
  languageName: node
  linkType: hard

"@biomejs/cli-win32-arm64@npm:1.9.4":
  version: 1.9.4
  resolution: "@biomejs/cli-win32-arm64@npm:1.9.4"
  conditions: os=win32 & cpu=arm64
  languageName: node
  linkType: hard

"@biomejs/cli-win32-x64@npm:1.9.4":
  version: 1.9.4
  resolution: "@biomejs/cli-win32-x64@npm:1.9.4"
  conditions: os=win32 & cpu=x64
  languageName: node
  linkType: hard

"@esbuild/aix-ppc64@npm:0.28.1":
  version: 0.28.1
  resolution: "@esbuild/aix-ppc64@npm:0.28.1"
  conditions: os=aix & cpu=ppc64
  languageName: node
  linkType: hard

"@esbuild/android-arm64@npm:0.28.1":
  version: 0.28.1
  resolution: "@esbuild/android-arm64@npm:0.28.1"
  conditions: os=android & cpu=arm64
  languageName: node
  linkType: hard

"@esbuild/android-arm@npm:0.28.1":
  version: 0.28.1
  resolution: "@esbuild/android-arm@npm:0.28.1"
  conditions: os=android & cpu=arm
  languageName: node
  linkType: hard

"@esbuild/android-x64@npm:0.28.1":
  version: 0.28.1
  resolution: "@esbuild/android-x64@npm:0.28.1"
  conditions: os=android & cpu=x64
  languageName: node
  linkType: hard

"@esbuild/darwin-arm64@npm:0.28.1":
  version: 0.28.1
  resolution: "@esbuild/darwin-arm64@npm:0.28.1"
  conditions: os=darwin & cpu=arm64
  languageName: node
  linkType: hard

"@esbuild/darwin-x64@npm:0.28.1":
  version: 0.28.1
  resolution: "@esbuild/darwin-x64@npm:0.28.1"
  conditions: os=darwin & cpu=x64
  languageName: node
  linkType: hard

"@esbuild/freebsd-arm64@npm:0.28.1":
  version: 0.28.1
  resolution: "@esbuild/freebsd-arm64@npm:0.28.1"
  conditions: os=freebsd & cpu=arm64
  languageName: node
  linkType: hard

"@esbuild/freebsd-x64@npm:0.28.1":
  version: 0.28.1
  resolution: "@esbuild/freebsd-x64@npm:0.28.1"
  conditions: os=freebsd & cpu=x64
  languageName: node
  linkType: hard

"@esbuild/linux-arm64@npm:0.28.1":
  version: 0.28.1
  resolution: "@esbuild/linux-arm64@npm:0.28.1"
  conditions: os=linux & cpu=arm64
  languageName: node
  linkType: hard

"@esbuild/linux-arm@npm:0.28.1":
  version: 0.28.1
  resolution: "@esbuild/linux-arm@npm:0.28.1"
  conditions: os=linux & cpu=arm
  languageName: node
  linkType: hard

"@esbuild/linux-ia32@npm:0.28.1":
  version: 0.28.1
  resolution: "@esbuild/linux-ia32@npm:0.28.1"
  conditions: os=linux & cpu=ia32
  languageName: node
  linkType: hard

"@esbuild/linux-loong64@npm:0.28.1":
  version: 0.28.1
  resolution: "@esbuild/linux-loong64@npm:0.28.1"
  conditions: os=linux & cpu=loong64
  languageName: node
  linkType: hard

"@esbuild/linux-mips64el@npm:0.28.1":
  version: 0.28.1
  resolution: "@esbuild/linux-mips64el@npm:0.28.1"
  conditions: os=linux & cpu=mips64el
  languageName: node
  linkType: hard

"@esbuild/linux-ppc64@npm:0.28.1":
  version: 0.28.1
  resolution: "@esbuild/linux-ppc64@npm:0.28.1"
  conditions: os=linux & cpu=ppc64
  languageName: node
  linkType: hard

"@esbuild/linux-riscv64@npm:0.28.1":
  version: 0.28.1
  resolution: "@esbuild/linux-riscv64@npm:0.28.1"
  conditions: os=linux & cpu=riscv64
  languageName: node
  linkType: hard

"@esbuild/linux-s390x@npm:0.28.1":
  version: 0.28.1
  resolution: "@esbuild/linux-s390x@npm:0.28.1"
  conditions: os=linux & cpu=s390x
  languageName: node
  linkType: hard

"@esbuild/linux-x64@npm:0.28.1":
  version: 0.28.1
  resolution: "@esbuild/linux-x64@npm:0.28.1"
  conditions: os=linux & cpu=x64
  languageName: node
  linkType: hard

"@esbuild/netbsd-arm64@npm:0.28.1":
  version: 0.28.1
  resolution: "@esbuild/netbsd-arm64@npm:0.28.1"
  conditions: os=netbsd & cpu=arm64
  languageName: node
  linkType: hard

"@esbuild/netbsd-x64@npm:0.28.1":
  version: 0.28.1
  resolution: "@esbuild/netbsd-x64@npm:0.28.1"
  conditions: os=netbsd & cpu=x64
  languageName: node
  linkType: hard

"@esbuild/openbsd-arm64@npm:0.28.1":
  version: 0.28.1
  resolution: "@esbuild/openbsd-arm64@npm:0.28.1"
  conditions: os=openbsd & cpu=arm64
  languageName: node
  linkType: hard

"@esbuild/openbsd-x64@npm:0.28.1":
  version: 0.28.1
  resolution: "@esbuild/openbsd-x64@npm:0.28.1"
  conditions: os=openbsd & cpu=x64
  languageName: node
  linkType: hard

"@esbuild/openharmony-arm64@npm:0.28.1":
  version: 0.28.1
  resolution: "@esbuild/openharmony-arm64@npm:0.28.1"
  conditions: os=openharmony & cpu=arm64
  languageName: node
  linkType: hard

"@esbuild/sunos-x64@npm:0.28.1":
  version: 0.28.1
  resolution: "@esbuild/sunos-x64@npm:0.28.1"
  conditions: os=sunos & cpu=x64
  languageName: node
  linkType: hard

"@esbuild/win32-arm64@npm:0.28.1":
  version: 0.28.1
  resolution: "@esbuild/win32-arm64@npm:0.28.1"
  conditions: os=win32 & cpu=arm64
  languageName: node
  linkType: hard

"@esbuild/win32-ia32@npm:0.28.1":
  version: 0.28.1
  resolution: "@esbuild/win32-ia32@npm:0.28.1"
  conditions: os=win32 & cpu=ia32
  languageName: node
  linkType: hard

"@esbuild/win32-x64@npm:0.28.1":
  version: 0.28.1
  resolution: "@esbuild/win32-x64@npm:0.28.1"
  conditions: os=win32 & cpu=x64
  languageName: node
  linkType: hard

"dotenv@npm:^17.4.2":
  version: 17.4.2
  resolution: "dotenv@npm:17.4.2"
  checksum: 10c0/164f8e77a646c8446867d5b588d26ea6005c8ea7c5eb41cf926f6113d23f2191355f6e0cfd95ea9bab98394a5b0a3f1e51a8399711b666fe55cc7b0bd745f942
  languageName: node
  linkType: hard

"esbuild@npm:^0.28.1":
  version: 0.28.1
  resolution: "esbuild@npm:0.28.1"
  dependencies:
    "@esbuild/aix-ppc64": "npm:0.28.1"
    "@esbuild/android-arm": "npm:0.28.1"
    "@esbuild/android-arm64": "npm:0.28.1"
    "@esbuild/android-x64": "npm:0.28.1"
    "@esbuild/darwin-arm64": "npm:0.28.1"
    "@esbuild/darwin-x64": "npm:0.28.1"
    "@esbuild/freebsd-arm64": "npm:0.28.1"
    "@esbuild/freebsd-x64": "npm:0.28.1"
    "@esbuild/linux-arm": "npm:0.28.1"
    "@esbuild/linux-arm64": "npm:0.28.1"
    "@esbuild/linux-ia32": "npm:0.28.1"
    "@esbuild/linux-loong64": "npm:0.28.1"
    "@esbuild/linux-mips64el": "npm:0.28.1"
    "@esbuild/linux-ppc64": "npm:0.28.1"
    "@esbuild/linux-riscv64": "npm:0.28.1"
    "@esbuild/linux-s390x": "npm:0.28.1"
    "@esbuild/linux-x64": "npm:0.28.1"
    "@esbuild/netbsd-arm64": "npm:0.28.1"
    "@esbuild/netbsd-x64": "npm:0.28.1"
    "@esbuild/openbsd-arm64": "npm:0.28.1"
    "@esbuild/openbsd-x64": "npm:0.28.1"
    "@esbuild/openharmony-arm64": "npm:0.28.1"
    "@esbuild/sunos-x64": "npm:0.28.1"
    "@esbuild/win32-arm64": "npm:0.28.1"
    "@esbuild/win32-ia32": "npm:0.28.1"
    "@esbuild/win32-x64": "npm:0.28.1"
  dependenciesMeta:
    "@esbuild/aix-ppc64":
      optional: true
    "@esbuild/android-arm":
      optional: true
    "@esbuild/android-arm64":
      optional: true
    "@esbuild/android-x64":
      optional: true
    "@esbuild/darwin-arm64":
      optional: true
    "@esbuild/darwin-x64":
      optional: true
    "@esbuild/freebsd-arm64":
      optional: true
    "@esbuild/freebsd-x64":
      optional: true
    "@esbuild/linux-arm":
      optional: true
    "@esbuild/linux-arm64":
      optional: true
    "@esbuild/linux-ia32":
      optional: true
    "@esbuild/linux-loong64":
      optional: true
    "@esbuild/linux-mips64el":
      optional: true
    "@esbuild/linux-ppc64":
      optional: true
    "@esbuild/linux-riscv64":
      optional: true
    "@esbuild/linux-s390x":
      optional: true
    "@esbuild/linux-x64":
      optional: true
    "@esbuild/netbsd-arm64":
      optional: true
    "@esbuild/netbsd-x64":
      optional: true
    "@esbuild/openbsd-arm64":
      optional: true
    "@esbuild/openbsd-x64":
      optional: true
    "@esbuild/openharmony-arm64":
      optional: true
    "@esbuild/sunos-x64":
      optional: true
    "@esbuild/win32-arm64":
      optional: true
    "@esbuild/win32-ia32":
      optional: true
    "@esbuild/win32-x64":
      optional: true
  bin:
    esbuild: bin/esbuild
  checksum: 10c0/29cd456a79ce35ac2c7e05fe871330416b2c395c045d849653f843e51378d6e0d6e774d6dcd01b35f4e83238a29bf8decd04fcd34b3780c589a250b21e5f92bb
  languageName: node
  linkType: hard

"nodejs-wss-tunnel@workspace:.":
  version: 0.0.0-use.local
  resolution: "nodejs-wss-tunnel@workspace:."
  dependencies:
    "@biomejs/biome": "npm:^1.9.0"
    dotenv: "npm:^17.4.2"
    esbuild: "npm:^0.28.1"
    ws: "npm:^8.21.2"
  languageName: unknown
  linkType: soft

"ws@npm:^8.21.2":
  version: 8.21.2
  resolution: "ws@npm:8.21.2"
  peerDependencies:
    bufferutil: ^4.0.1
    utf-8-validate: ">=5.0.2"
  peerDependenciesMeta:
    bufferutil:
      optional: true
    utf-8-validate:
      optional: true
  checksum: 10c0/82d687bbfbccce04e91266ff9911b27c67ca622fd8fbacc6a64d467a43fbd7ecaa3ef6d820b315c060682f901463f57cac01a02b00c4379f49c747ec7da83169
  languageName: node
  linkType: hard
